
Microsoft Visual Studio Solution File, Format Version 12.00
# Visual Studio Version 17
VisualStudioVersion = 17.3.32825.248
MinimumVisualStudioVersion = 10.0.40219.1
Project("{FAE04EC0-301F-11D3-BF4B-00C04F79EFBC}") = "EFCoreCodeFirst", "EFCoreCodeFirst\EFCoreCodeFirst.csproj", "{CCAC07E2-54A2-488F-89AF-148BA2D7097C}"
EndProject
Global
	GlobalSection(SolutionConfigurationPlatforms) = preSolution
		Debug|Any CPU = Debug|Any CPU
		Release|Any CPU = Release|Any CPU
	EndGlobalSection
	GlobalSection(ProjectConfigurationPlatforms) = postSolution
		{CCAC07E2-54A2-488F-89AF-148BA2D7097C}.Debug|Any CPU.ActiveCfg = Debug|Any CPU
		{CCAC07E2-54A2-488F-89AF-148BA2D7097C}.Debug|Any CPU.Build.0 = Debug|Any CPU
		{CCAC07E2-54A2-488F-89AF-148BA2D7097C}.Release|Any CPU.ActiveCfg = Release|Any CPU
		{CCAC07E2-54A2-488F-89AF-148BA2D7097C}.Release|Any CPU.Build.0 = Release|Any CPU
	EndGlobalSection
	GlobalSection(SolutionProperties) = preSolution
		HideSolutionNode = FALSE
	EndGlobalSection
	GlobalSection(ExtensibilityGlobals) = postSolution
		SolutionGuid = {96B452B7-D89D-4999-A4C1-5B6B178A772F}
	EndGlobalSection
EndGlobal
