
Microsoft Visual Studio Solution File, Format Version 12.00
# Visual Studio Version 17
VisualStudioVersion = 17.3.32825.248
MinimumVisualStudioVersion = 10.0.40219.1
Project("{FAE04EC0-301F-11D3-BF4B-00C04F79EFBC}") = "DemoIdentiy", "DemoIdentiy\DemoIdentiy.csproj", "{8E8B510B-73AF-4734-82E0-AAC7435F6DBD}"
EndProject
Global
	GlobalSection(SolutionConfigurationPlatforms) = preSolution
		Debug|Any CPU = Debug|Any CPU
		Release|Any CPU = Release|Any CPU
	EndGlobalSection
	GlobalSection(ProjectConfigurationPlatforms) = postSolution
		{8E8B510B-73AF-4734-82E0-AAC7435F6DBD}.Debug|Any CPU.ActiveCfg = Debug|Any CPU
		{8E8B510B-73AF-4734-82E0-AAC7435F6DBD}.Debug|Any CPU.Build.0 = Debug|Any CPU
		{8E8B510B-73AF-4734-82E0-AAC7435F6DBD}.Release|Any CPU.ActiveCfg = Release|Any CPU
		{8E8B510B-73AF-4734-82E0-AAC7435F6DBD}.Release|Any CPU.Build.0 = Release|Any CPU
	EndGlobalSection
	GlobalSection(SolutionProperties) = preSolution
		HideSolutionNode = FALSE
	EndGlobalSection
	GlobalSection(ExtensibilityGlobals) = postSolution
		SolutionGuid = {CAFF17D8-6C3C-48F2-AF7C-5A6E12F41584}
	EndGlobalSection
EndGlobal
